
Microsoft Visual Studio Solution File, Format Version 12.00
# Visual Studio 14
VisualStudioVersion = 14.0.25420.1
MinimumVisualStudioVersion = 10.0.40219.1
Project("{FAE04EC0-301F-11D3-BF4B-00C04F79EFBC}") = "MedicalApp", "MedicalApp\MedicalApp.csproj", "{76AD0ADD-7874-4909-899A-31C85D9E8CB4}"
EndProject
Global
	GlobalSection(SolutionConfigurationPlatforms) = preSolution
		Debug|Any CPU = Debug|Any CPU
		Release|Any CPU = Release|Any CPU
	EndGlobalSection
	GlobalSection(ProjectConfigurationPlatforms) = postSolution
		{76AD0ADD-7874-4909-899A-31C85D9E8CB4}.Debug|Any CPU.ActiveCfg = Debug|Any CPU
		{76AD0ADD-7874-4909-899A-31C85D9E8CB4}.Debug|Any CPU.Build.0 = Debug|Any CPU
		{76AD0ADD-7874-4909-899A-31C85D9E8CB4}.Release|Any CPU.ActiveCfg = Release|Any CPU
		{76AD0ADD-7874-4909-899A-31C85D9E8CB4}.Release|Any CPU.Build.0 = Release|Any CPU
	EndGlobalSection
	GlobalSection(SolutionProperties) = preSolution
		HideSolutionNode = FALSE
	EndGlobalSection
EndGlobal
